
Microsoft Visual Studio Solution File, Format Version 12.00
# Visual Studio 2013
VisualStudioVersion = 12.0.31101.0
MinimumVisualStudioVersion = 10.0.40219.1
Project("{FAE04EC0-301F-11D3-BF4B-00C04F79EFBC}") = "Tetris", "Tetris\Tetris\Tetris.csproj", "{60C7D2FF-7C85-4977-8212-F6104AC0096F}"
EndProject
Project("{96E2B04D-8817-42C6-938A-82C39BA4D311}") = "TetrisContent", "Tetris\TetrisContent\TetrisContent.contentproj", "{97FF98DC-8BE3-4D22-8E8C-15BCA8332FFE}"
EndProject
Global
	GlobalSection(SolutionConfigurationPlatforms) = preSolution
		Debug|x86 = Debug|x86
		Release|x86 = Release|x86
	EndGlobalSection
	GlobalSection(ProjectConfigurationPlatforms) = postSolution
		{60C7D2FF-7C85-4977-8212-F6104AC0096F}.Debug|x86.ActiveCfg = Debug|x86
		{60C7D2FF-7C85-4977-8212-F6104AC0096F}.Debug|x86.Build.0 = Debug|x86
		{60C7D2FF-7C85-4977-8212-F6104AC0096F}.Release|x86.ActiveCfg = Release|x86
		{60C7D2FF-7C85-4977-8212-F6104AC0096F}.Release|x86.Build.0 = Release|x86
		{97FF98DC-8BE3-4D22-8E8C-15BCA8332FFE}.Debug|x86.ActiveCfg = Debug|x86
		{97FF98DC-8BE3-4D22-8E8C-15BCA8332FFE}.Release|x86.ActiveCfg = Release|x86
	EndGlobalSection
	GlobalSection(SolutionProperties) = preSolution
		HideSolutionNode = FALSE
	EndGlobalSection
EndGlobal
